
Microsoft Visual Studio Solution File, Format Version 12.00
# Visual Studio 15
VisualStudioVersion = 15.0.28010.2016
MinimumVisualStudioVersion = 10.0.40219.1
Project("{FAE04EC0-301F-11D3-BF4B-00C04F79EFBC}") = "Calculator", "Calculator\Calculator.csproj", "{B9CA16F2-BD60-4F06-A545-3D023E8E0C3C}"
EndProject
Project("{FAE04EC0-301F-11D3-BF4B-00C04F79EFBC}") = "TestCalculator", "TestCalculator\TestCalculator.csproj", "{59201542-92C7-4970-B651-CCC432C09B04}"
EndProject
Project("{FAE04EC0-301F-11D3-BF4B-00C04F79EFBC}") = "TestProgram", "TestProgram\TestProgram.csproj", "{6DE1134B-9EAD-4EA2-B0C6-62DE8E962F95}"
EndProject
Global
	GlobalSection(SolutionConfigurationPlatforms) = preSolution
		Debug|Any CPU = Debug|Any CPU
		Release|Any CPU = Release|Any CPU
	EndGlobalSection
	GlobalSection(ProjectConfigurationPlatforms) = postSolution
		{B9CA16F2-BD60-4F06-A545-3D023E8E0C3C}.Debug|Any CPU.ActiveCfg = Debug|Any CPU
		{B9CA16F2-BD60-4F06-A545-3D023E8E0C3C}.Debug|Any CPU.Build.0 = Debug|Any CPU
		{B9CA16F2-BD60-4F06-A545-3D023E8E0C3C}.Release|Any CPU.ActiveCfg = Release|Any CPU
		{B9CA16F2-BD60-4F06-A545-3D023E8E0C3C}.Release|Any CPU.Build.0 = Release|Any CPU
		{59201542-92C7-4970-B651-CCC432C09B04}.Debug|Any CPU.ActiveCfg = Debug|Any CPU
		{59201542-92C7-4970-B651-CCC432C09B04}.Debug|Any CPU.Build.0 = Debug|Any CPU
		{59201542-92C7-4970-B651-CCC432C09B04}.Release|Any CPU.ActiveCfg = Release|Any CPU
		{59201542-92C7-4970-B651-CCC432C09B04}.Release|Any CPU.Build.0 = Release|Any CPU
		{6DE1134B-9EAD-4EA2-B0C6-62DE8E962F95}.Debug|Any CPU.ActiveCfg = Debug|Any CPU
		{6DE1134B-9EAD-4EA2-B0C6-62DE8E962F95}.Debug|Any CPU.Build.0 = Debug|Any CPU
		{6DE1134B-9EAD-4EA2-B0C6-62DE8E962F95}.Release|Any CPU.ActiveCfg = Release|Any CPU
		{6DE1134B-9EAD-4EA2-B0C6-62DE8E962F95}.Release|Any CPU.Build.0 = Release|Any CPU
	EndGlobalSection
	GlobalSection(SolutionProperties) = preSolution
		HideSolutionNode = FALSE
	EndGlobalSection
	GlobalSection(ExtensibilityGlobals) = postSolution
		SolutionGuid = {C986A20D-2238-4FD3-8B01-FB4D3311B7EB}
	EndGlobalSection
EndGlobal
